
Microsoft Visual Studio Solution File, Format Version 12.00
# Visual Studio Version 17
VisualStudioVersion = 17.10.35013.160
MinimumVisualStudioVersion = 10.0.40219.1
Project("{FAE04EC0-301F-11D3-BF4B-00C04F79EFBC}") = "WeatherAPI", "WeatherAPI\WeatherAPI.csproj", "{1788433F-C61A-4590-84FF-10CEC09899AA}"
EndProject
Global
	GlobalSection(SolutionConfigurationPlatforms) = preSolution
		Debug|Any CPU = Debug|Any CPU
		Release|Any CPU = Release|Any CPU
	EndGlobalSection
	GlobalSection(ProjectConfigurationPlatforms) = postSolution
		{1788433F-C61A-4590-84FF-10CEC09899AA}.Debug|Any CPU.ActiveCfg = Debug|Any CPU
		{1788433F-C61A-4590-84FF-10CEC09899AA}.Debug|Any CPU.Build.0 = Debug|Any CPU
		{1788433F-C61A-4590-84FF-10CEC09899AA}.Release|Any CPU.ActiveCfg = Release|Any CPU
		{1788433F-C61A-4590-84FF-10CEC09899AA}.Release|Any CPU.Build.0 = Release|Any CPU
	EndGlobalSection
	GlobalSection(SolutionProperties) = preSolution
		HideSolutionNode = FALSE
	EndGlobalSection
	GlobalSection(ExtensibilityGlobals) = postSolution
		SolutionGuid = {C7261B64-2CED-4F57-958D-C852A3F54137}
	EndGlobalSection
EndGlobal
